<?xml version="1.0" encoding="utf-8"?>
<Project ToolsVersion="4.0" xmlns="http://schemas.microsoft.com/developer/msbuild/2003">
  <ItemGroup>
    <Filter Include="Source Files">
      <UniqueIdentifier>{4FC737F1-C7A5-4376-A066-2A32D752A2FF}</UniqueIdentifier>
      <Extensions>cpp;c;cc;cxx;def;odl;idl;hpj;bat;asm;asmx</Extensions>
    </Filter>
    <Filter Include="Header Files">
      <UniqueIdentifier>{93995380-89BD-4b04-88EB-625FBE52EBFB}</UniqueIdentifier>
      <Extensions>h;hh;hpp;hxx;hm;inl;inc;xsd</Extensions>
    </Filter>
    <Filter Include="Resource Files">
      <UniqueIdentifier>{67DA6AB6-F800-4c08-8B7A-83BB121AAD01}</UniqueIdentifier>
      <Extensions>rc;ico;cur;bmp;dlg;rc2;rct;bin;rgs;gif;jpg;jpeg;jpe;resx;tiff;tif;png;wav;mfcribbon-ms</Extensions>
    </Filter>
  </ItemGroup>
  <ItemGroup>
    <ClInclude Include="stdafx.h">
      <Filter>Header Files</Filter>
    </ClInclude>
    <ClInclude Include="targetver.h">
      <Filter>Header Files</Filter>
    </ClInclude>
    <ClInclude Include="src\entities\Entity.h">
      <Filter>Header Files</Filter>
    </ClInclude>
    <ClInclude Include="src\rendering\GPULoader.h">
      <Filter>Header Files</Filter>
    </ClInclude>
    <ClInclude Include="src\rendering\MeshProperties.h">
      <Filter>Header Files</Filter>
    </ClInclude>
    <ClInclude Include="src\rendering\Vertex.h">
      <Filter>Header Files</Filter>
    </ClInclude>
    <ClInclude Include="src\rendering\LightProperties.h">
      <Filter>Header Files</Filter>
    </ClInclude>
    <ClInclude Include="src\rendering\LightManager.h">
      <Filter>Header Files</Filter>
    </ClInclude>
    <ClInclude Include="src\components\LightComponent.h">
      <Filter>Header Files</Filter>
    </ClInclude>
    <ClInclude Include="src\components\MeshComponent.h">
      <Filter>Header Files</Filter>
    </ClInclude>
    <ClInclude Include="src\components\TransformComponent.h">
      <Filter>Header Files</Filter>
    </ClInclude>
    <ClInclude Include="src\rendering\Display.h">
      <Filter>Header Files</Filter>
    </ClInclude>
    <ClInclude Include="src\rendering\ShaderProperties.h">
      <Filter>Header Files</Filter>
    </ClInclude>
    <ClInclude Include="src\rendering\uniformnames.h">
      <Filter>Header Files</Filter>
    </ClInclude>
    <ClInclude Include="src\shaders\MainShader.h">
      <Filter>Header Files</Filter>
    </ClInclude>
    <ClInclude Include="src\rendering\Camera.h">
      <Filter>Header Files</Filter>
    </ClInclude>
    <ClInclude Include="src\components\WorldObject.h">
      <Filter>Header Files</Filter>
    </ClInclude>
    <ClInclude Include="src\cameras\FixedCamera.h">
      <Filter>Header Files</Filter>
    </ClInclude>
  </ItemGroup>
  <ItemGroup>
    <ClCompile Include="stdafx.cpp">
      <Filter>Source Files</Filter>
    </ClCompile>
    <ClCompile Include="OpenGLGame.cpp">
      <Filter>Source Files</Filter>
    </ClCompile>
    <ClCompile Include="src\entities\Entity.cpp">
      <Filter>Source Files</Filter>
    </ClCompile>
    <ClCompile Include="src\rendering\GPULoader.cpp">
      <Filter>Source Files</Filter>
    </ClCompile>
    <ClCompile Include="src\rendering\LightManager.cpp">
      <Filter>Source Files</Filter>
    </ClCompile>
    <ClCompile Include="src\components\LightComponent.cpp">
      <Filter>Source Files</Filter>
    </ClCompile>
    <ClCompile Include="src\components\MeshComponent.cpp">
      <Filter>Source Files</Filter>
    </ClCompile>
    <ClCompile Include="src\components\TransformComponent.cpp">
      <Filter>Source Files</Filter>
    </ClCompile>
    <ClCompile Include="src\rendering\Display.cpp">
      <Filter>Source Files</Filter>
    </ClCompile>
    <ClCompile Include="src\shaders\MainShader.cpp">
      <Filter>Source Files</Filter>
    </ClCompile>
    <ClCompile Include="src\cameras\FixedCamera.cpp">
      <Filter>Source Files</Filter>
    </ClCompile>
  </ItemGroup>
  <ItemGroup>
    <None Include="res\shaders\BasicShader.frag.glsl" />
    <None Include="res\shaders\BAsicShader.vert.glsl" />
    <None Include="res\shaders\MainShader.frag.glsl" />
    <None Include="res\shaders\MainShader.vert.glsl" />
  </ItemGroup>
</Project>